
Microsoft Visual Studio Solution File, Format Version 12.00
# Visual Studio 15
VisualStudioVersion = 15.0.28307.539
MinimumVisualStudioVersion = 10.0.40219.1
Project("{FAE04EC0-301F-11D3-BF4B-00C04F79EFBC}") = "L4_ignjas_IFF66", "L4_ignjas_IFF66\L4_ignjas_IFF66.csproj", "{AD721BB5-0D46-45BD-ABE7-60D32678F886}"
EndProject
Global
	GlobalSection(SolutionConfigurationPlatforms) = preSolution
		Debug|Any CPU = Debug|Any CPU
		Release|Any CPU = Release|Any CPU
	EndGlobalSection
	GlobalSection(ProjectConfigurationPlatforms) = postSolution
		{AD721BB5-0D46-45BD-ABE7-60D32678F886}.Debug|Any CPU.ActiveCfg = Debug|Any CPU
		{AD721BB5-0D46-45BD-ABE7-60D32678F886}.Debug|Any CPU.Build.0 = Debug|Any CPU
		{AD721BB5-0D46-45BD-ABE7-60D32678F886}.Release|Any CPU.ActiveCfg = Release|Any CPU
		{AD721BB5-0D46-45BD-ABE7-60D32678F886}.Release|Any CPU.Build.0 = Release|Any CPU
	EndGlobalSection
	GlobalSection(SolutionProperties) = preSolution
		HideSolutionNode = FALSE
	EndGlobalSection
	GlobalSection(ExtensibilityGlobals) = postSolution
		SolutionGuid = {600CDB6F-541E-425B-A764-FFADBDDC72EB}
	EndGlobalSection
EndGlobal
